
Microsoft Visual Studio Solution File, Format Version 12.00
# Visual Studio Version 17
VisualStudioVersion = 17.2.32602.215
MinimumVisualStudioVersion = 10.0.40219.1
Project("{2150E333-8FDC-42A3-9474-1A3956D46DE8}") = "src", "src", "{848DD945-BA39-4549-A1AA-61C96765E9FC}"
EndProject
Project("{2150E333-8FDC-42A3-9474-1A3956D46DE8}") = "tests", "tests", "{58B3D3E3-34CB-42D5-ADDE-258DB9D8835A}"
EndProject
Project("{9A19103F-16F7-4668-BE54-9A1E7A4F7556}") = "PaymentGateway.Domain", "PaymentGateway.Domain\PaymentGateway.Domain.csproj", "{5C911FF6-DC75-46F8-96D8-4E63511C8B55}"
EndProject
Project("{9A19103F-16F7-4668-BE54-9A1E7A4F7556}") = "PaymentGateway.Application", "PaymentGateway.Application\PaymentGateway.Application.csproj", "{4A63C8DD-74AE-436E-87C3-7141832B86C2}"
EndProject
Project("{9A19103F-16F7-4668-BE54-9A1E7A4F7556}") = "PaymentGateway.Infrastructure", "PaymentGateway.Infrastructure\PaymentGateway.Infrastructure.csproj", "{BBF41BEE-A7F7-4D25-AB4A-92ECED960A8F}"
EndProject
Project("{9A19103F-16F7-4668-BE54-9A1E7A4F7556}") = "PaymentGateway.Api", "PaymentGateway.Api\PaymentGateway.Api.csproj", "{3E049F6C-5443-4787-A367-EC4ACB5EDED4}"
EndProject
Project("{9A19103F-16F7-4668-BE54-9A1E7A4F7556}") = "PaymentGateway.Application.Tests", "PaymentGateway.Application.Tests\PaymentGateway.Application.Tests.csproj", "{766D32D1-71D5-446A-A1C6-240BAA6C0101}"
EndProject
Project("{9A19103F-16F7-4668-BE54-9A1E7A4F7556}") = "PaymentGateway.Infrastructure.Tests", "PaymentGateway.Infrastructure.Tests\PaymentGateway.Infrastructure.Tests.csproj", "{0721F63A-477C-4C31-A6D5-7F7DEE8DE836}"
EndProject
Project("{9A19103F-16F7-4668-BE54-9A1E7A4F7556}") = "PaymentGateway.Api.Specs", "PaymentGateway.Api.Specs\PaymentGateway.Api.Specs.csproj", "{FC0283B3-F8D6-4D21-8EAB-FBE5DF673E15}"
EndProject
Project("{9A19103F-16F7-4668-BE54-9A1E7A4F7556}") = "PaymentGateway.TestingSupport", "PaymentGateway.TestingSupport\PaymentGateway.TestingSupport.csproj", "{39EBC74C-F426-4156-A2F6-D1C9E19317B1}"
EndProject
Project("{2150E333-8FDC-42A3-9474-1A3956D46DE8}") = "PaymentGateway", "PaymentGateway", "{64EAB0CF-5642-4F4F-98A5-A67D6513BA95}"
EndProject
Project("{2150E333-8FDC-42A3-9474-1A3956D46DE8}") = "AcquiringBank", "AcquiringBank", "{53EAB28E-F648-4126-89B6-A47CDF98D321}"
EndProject
Project("{9A19103F-16F7-4668-BE54-9A1E7A4F7556}") = "AcquiringBank.Domain", "AcquiringBank.Domain\AcquiringBank.Domain.csproj", "{8A4E9314-1C90-433E-B6EC-36C3A3454B7C}"
EndProject
Project("{2150E333-8FDC-42A3-9474-1A3956D46DE8}") = "Common", "Common", "{8C5ACD5C-F156-4C5C-83D6-13182B0633EF}"
EndProject
Project("{9A19103F-16F7-4668-BE54-9A1E7A4F7556}") = "PaymentGateway.Models", "PaymentGateway.Models\PaymentGateway.Models.csproj", "{B130EE32-0D3C-4B63-8A26-0BAB48351B4C}"
EndProject
Project("{9A19103F-16F7-4668-BE54-9A1E7A4F7556}") = "AcquiringBank.Application", "AcquiringBank.Application\AcquiringBank.Application.csproj", "{CDA17C5B-32B6-4D2C-9FDB-16E5D4E72AC4}"
EndProject
Project("{2150E333-8FDC-42A3-9474-1A3956D46DE8}") = "PaymentGateway", "PaymentGateway", "{5320AF3E-E0F5-4B16-AD20-2EBEEDD6B279}"
EndProject
Project("{2150E333-8FDC-42A3-9474-1A3956D46DE8}") = "AcquiringBank", "AcquiringBank", "{8C49DFF4-4941-4EC3-84E6-C9B1E1F9E344}"
EndProject
Project("{9A19103F-16F7-4668-BE54-9A1E7A4F7556}") = "AcquiringBank.Application.Tests", "AcquiringBank.Application.Tests\AcquiringBank.Application.Tests.csproj", "{9AA824B0-0CB9-45EC-9AAE-D5FE97CD04AE}"
EndProject
Project("{2150E333-8FDC-42A3-9474-1A3956D46DE8}") = "doc", "doc", "{643F5AF8-7C81-4F7C-B305-276C5E408A86}"
EndProject
Project("{FAE04EC0-301F-11D3-BF4B-00C04F79EFBC}") = "PaymentGateway.LocalAcquiringBank", "PaymentGateway.LocalAcquiringBank\PaymentGateway.LocalAcquiringBank.csproj", "{935F5A2D-8B98-4F6F-9448-372F078C305C}"
EndProject
Global
	GlobalSection(SolutionConfigurationPlatforms) = preSolution
		Debug|Any CPU = Debug|Any CPU
		Release|Any CPU = Release|Any CPU
	EndGlobalSection
	GlobalSection(ProjectConfigurationPlatforms) = postSolution
		{5C911FF6-DC75-46F8-96D8-4E63511C8B55}.Debug|Any CPU.ActiveCfg = Debug|Any CPU
		{5C911FF6-DC75-46F8-96D8-4E63511C8B55}.Debug|Any CPU.Build.0 = Debug|Any CPU
		{5C911FF6-DC75-46F8-96D8-4E63511C8B55}.Release|Any CPU.ActiveCfg = Release|Any CPU
		{5C911FF6-DC75-46F8-96D8-4E63511C8B55}.Release|Any CPU.Build.0 = Release|Any CPU
		{4A63C8DD-74AE-436E-87C3-7141832B86C2}.Debug|Any CPU.ActiveCfg = Debug|Any CPU
		{4A63C8DD-74AE-436E-87C3-7141832B86C2}.Debug|Any CPU.Build.0 = Debug|Any CPU
		{4A63C8DD-74AE-436E-87C3-7141832B86C2}.Release|Any CPU.ActiveCfg = Release|Any CPU
		{4A63C8DD-74AE-436E-87C3-7141832B86C2}.Release|Any CPU.Build.0 = Release|Any CPU
		{BBF41BEE-A7F7-4D25-AB4A-92ECED960A8F}.Debug|Any CPU.ActiveCfg = Debug|Any CPU
		{BBF41BEE-A7F7-4D25-AB4A-92ECED960A8F}.Debug|Any CPU.Build.0 = Debug|Any CPU
		{BBF41BEE-A7F7-4D25-AB4A-92ECED960A8F}.Release|Any CPU.ActiveCfg = Release|Any CPU
		{BBF41BEE-A7F7-4D25-AB4A-92ECED960A8F}.Release|Any CPU.Build.0 = Release|Any CPU
		{3E049F6C-5443-4787-A367-EC4ACB5EDED4}.Debug|Any CPU.ActiveCfg = Debug|Any CPU
		{3E049F6C-5443-4787-A367-EC4ACB5EDED4}.Debug|Any CPU.Build.0 = Debug|Any CPU
		{3E049F6C-5443-4787-A367-EC4ACB5EDED4}.Release|Any CPU.ActiveCfg = Release|Any CPU
		{3E049F6C-5443-4787-A367-EC4ACB5EDED4}.Release|Any CPU.Build.0 = Release|Any CPU
		{766D32D1-71D5-446A-A1C6-240BAA6C0101}.Debug|Any CPU.ActiveCfg = Debug|Any CPU
		{766D32D1-71D5-446A-A1C6-240BAA6C0101}.Debug|Any CPU.Build.0 = Debug|Any CPU
		{766D32D1-71D5-446A-A1C6-240BAA6C0101}.Release|Any CPU.ActiveCfg = Release|Any CPU
		{766D32D1-71D5-446A-A1C6-240BAA6C0101}.Release|Any CPU.Build.0 = Release|Any CPU
		{0721F63A-477C-4C31-A6D5-7F7DEE8DE836}.Debug|Any CPU.ActiveCfg = Debug|Any CPU
		{0721F63A-477C-4C31-A6D5-7F7DEE8DE836}.Debug|Any CPU.Build.0 = Debug|Any CPU
		{0721F63A-477C-4C31-A6D5-7F7DEE8DE836}.Release|Any CPU.ActiveCfg = Release|Any CPU
		{0721F63A-477C-4C31-A6D5-7F7DEE8DE836}.Release|Any CPU.Build.0 = Release|Any CPU
		{FC0283B3-F8D6-4D21-8EAB-FBE5DF673E15}.Debug|Any CPU.ActiveCfg = Debug|Any CPU
		{FC0283B3-F8D6-4D21-8EAB-FBE5DF673E15}.Debug|Any CPU.Build.0 = Debug|Any CPU
		{FC0283B3-F8D6-4D21-8EAB-FBE5DF673E15}.Release|Any CPU.ActiveCfg = Release|Any CPU
		{FC0283B3-F8D6-4D21-8EAB-FBE5DF673E15}.Release|Any CPU.Build.0 = Release|Any CPU
		{39EBC74C-F426-4156-A2F6-D1C9E19317B1}.Debug|Any CPU.ActiveCfg = Debug|Any CPU
		{39EBC74C-F426-4156-A2F6-D1C9E19317B1}.Debug|Any CPU.Build.0 = Debug|Any CPU
		{39EBC74C-F426-4156-A2F6-D1C9E19317B1}.Release|Any CPU.ActiveCfg = Release|Any CPU
		{39EBC74C-F426-4156-A2F6-D1C9E19317B1}.Release|Any CPU.Build.0 = Release|Any CPU
		{8A4E9314-1C90-433E-B6EC-36C3A3454B7C}.Debug|Any CPU.ActiveCfg = Debug|Any CPU
		{8A4E9314-1C90-433E-B6EC-36C3A3454B7C}.Debug|Any CPU.Build.0 = Debug|Any CPU
		{8A4E9314-1C90-433E-B6EC-36C3A3454B7C}.Release|Any CPU.ActiveCfg = Release|Any CPU
		{8A4E9314-1C90-433E-B6EC-36C3A3454B7C}.Release|Any CPU.Build.0 = Release|Any CPU
		{B130EE32-0D3C-4B63-8A26-0BAB48351B4C}.Debug|Any CPU.ActiveCfg = Debug|Any CPU
		{B130EE32-0D3C-4B63-8A26-0BAB48351B4C}.Debug|Any CPU.Build.0 = Debug|Any CPU
		{B130EE32-0D3C-4B63-8A26-0BAB48351B4C}.Release|Any CPU.ActiveCfg = Release|Any CPU
		{B130EE32-0D3C-4B63-8A26-0BAB48351B4C}.Release|Any CPU.Build.0 = Release|Any CPU
		{CDA17C5B-32B6-4D2C-9FDB-16E5D4E72AC4}.Debug|Any CPU.ActiveCfg = Debug|Any CPU
		{CDA17C5B-32B6-4D2C-9FDB-16E5D4E72AC4}.Debug|Any CPU.Build.0 = Debug|Any CPU
		{CDA17C5B-32B6-4D2C-9FDB-16E5D4E72AC4}.Release|Any CPU.ActiveCfg = Release|Any CPU
		{CDA17C5B-32B6-4D2C-9FDB-16E5D4E72AC4}.Release|Any CPU.Build.0 = Release|Any CPU
		{9AA824B0-0CB9-45EC-9AAE-D5FE97CD04AE}.Debug|Any CPU.ActiveCfg = Debug|Any CPU
		{9AA824B0-0CB9-45EC-9AAE-D5FE97CD04AE}.Debug|Any CPU.Build.0 = Debug|Any CPU
		{9AA824B0-0CB9-45EC-9AAE-D5FE97CD04AE}.Release|Any CPU.ActiveCfg = Release|Any CPU
		{9AA824B0-0CB9-45EC-9AAE-D5FE97CD04AE}.Release|Any CPU.Build.0 = Release|Any CPU
		{935F5A2D-8B98-4F6F-9448-372F078C305C}.Debug|Any CPU.ActiveCfg = Debug|Any CPU
		{935F5A2D-8B98-4F6F-9448-372F078C305C}.Debug|Any CPU.Build.0 = Debug|Any CPU
		{935F5A2D-8B98-4F6F-9448-372F078C305C}.Release|Any CPU.ActiveCfg = Release|Any CPU
		{935F5A2D-8B98-4F6F-9448-372F078C305C}.Release|Any CPU.Build.0 = Release|Any CPU
	EndGlobalSection
	GlobalSection(SolutionProperties) = preSolution
		HideSolutionNode = FALSE
	EndGlobalSection
	GlobalSection(NestedProjects) = preSolution
		{5C911FF6-DC75-46F8-96D8-4E63511C8B55} = {64EAB0CF-5642-4F4F-98A5-A67D6513BA95}
		{4A63C8DD-74AE-436E-87C3-7141832B86C2} = {64EAB0CF-5642-4F4F-98A5-A67D6513BA95}
		{BBF41BEE-A7F7-4D25-AB4A-92ECED960A8F} = {64EAB0CF-5642-4F4F-98A5-A67D6513BA95}
		{3E049F6C-5443-4787-A367-EC4ACB5EDED4} = {64EAB0CF-5642-4F4F-98A5-A67D6513BA95}
		{766D32D1-71D5-446A-A1C6-240BAA6C0101} = {5320AF3E-E0F5-4B16-AD20-2EBEEDD6B279}
		{0721F63A-477C-4C31-A6D5-7F7DEE8DE836} = {5320AF3E-E0F5-4B16-AD20-2EBEEDD6B279}
		{FC0283B3-F8D6-4D21-8EAB-FBE5DF673E15} = {5320AF3E-E0F5-4B16-AD20-2EBEEDD6B279}
		{39EBC74C-F426-4156-A2F6-D1C9E19317B1} = {58B3D3E3-34CB-42D5-ADDE-258DB9D8835A}
		{64EAB0CF-5642-4F4F-98A5-A67D6513BA95} = {848DD945-BA39-4549-A1AA-61C96765E9FC}
		{53EAB28E-F648-4126-89B6-A47CDF98D321} = {848DD945-BA39-4549-A1AA-61C96765E9FC}
		{8A4E9314-1C90-433E-B6EC-36C3A3454B7C} = {53EAB28E-F648-4126-89B6-A47CDF98D321}
		{8C5ACD5C-F156-4C5C-83D6-13182B0633EF} = {848DD945-BA39-4549-A1AA-61C96765E9FC}
		{B130EE32-0D3C-4B63-8A26-0BAB48351B4C} = {8C5ACD5C-F156-4C5C-83D6-13182B0633EF}
		{CDA17C5B-32B6-4D2C-9FDB-16E5D4E72AC4} = {53EAB28E-F648-4126-89B6-A47CDF98D321}
		{5320AF3E-E0F5-4B16-AD20-2EBEEDD6B279} = {58B3D3E3-34CB-42D5-ADDE-258DB9D8835A}
		{8C49DFF4-4941-4EC3-84E6-C9B1E1F9E344} = {58B3D3E3-34CB-42D5-ADDE-258DB9D8835A}
		{9AA824B0-0CB9-45EC-9AAE-D5FE97CD04AE} = {8C49DFF4-4941-4EC3-84E6-C9B1E1F9E344}
		{935F5A2D-8B98-4F6F-9448-372F078C305C} = {64EAB0CF-5642-4F4F-98A5-A67D6513BA95}
	EndGlobalSection
	GlobalSection(ExtensibilityGlobals) = postSolution
		SolutionGuid = {58A477DD-34E6-4CAA-9022-D133562F47FE}
	EndGlobalSection
EndGlobal
